// !$*UTF8*$!
{
	archiveVersion = 1;
	classes = {
	};
	objectVersion = 77;
	objects = {

/* Begin PBXContainerItemProxy section */
		836F22122D124DCA00E28A3E /* PBXContainerItemProxy */ = {
			isa = PBXContainerItemProxy;
			containerPortal = 836F21F92D124DC900E28A3E /* Project object */;
			proxyType = 1;
			remoteGlobalIDString = 836F22002D124DC900E28A3E;
			remoteInfo = theForgottenKeeper;
		};
		836F221C2D124DCA00E28A3E /* PBXContainerItemProxy */ = {
			isa = PBXContainerItemProxy;
			containerPortal = 836F21F92D124DC900E28A3E /* Project object */;
			proxyType = 1;
			remoteGlobalIDString = 836F22002D124DC900E28A3E;
			remoteInfo = theForgottenKeeper;
		};
/* End PBXContainerItemProxy section */

/* Begin PBXFileReference section */
		836F22012D124DC900E28A3E /* theForgottenKeeper.app */ = {isa = PBXFileReference; explicitFileType = wrapper.application; includeInIndex = 0; path = theForgottenKeeper.app; sourceTree = BUILT_PRODUCTS_DIR; };
		836F22112D124DCA00E28A3E /* theForgottenKeeperTests.xctest */ = {isa = PBXFileReference; explicitFileType = wrapper.cfbundle; includeInIndex = 0; path = theForgottenKeeperTests.xctest; sourceTree = BUILT_PRODUCTS_DIR; };
		836F221B2D124DCA00E28A3E /* theForgottenKeeperUITests.xctest */ = {isa = PBXFileReference; explicitFileType = wrapper.cfbundle; includeInIndex = 0; path = theForgottenKeeperUITests.xctest; sourceTree = BUILT_PRODUCTS_DIR; };
/* End PBXFileReference section */

/* Begin PBXFileSystemSynchronizedRootGroup section */
		836F22032D124DC900E28A3E /* theForgottenKeeper */ = {
			isa = PBXFileSystemSynchronizedRootGroup;
			path = theForgottenKeeper;
			sourceTree = "<group>";
		};
		836F22142D124DCA00E28A3E /* theForgottenKeeperTests */ = {
			isa = PBXFileSystemSynchronizedRootGroup;
			path = theForgottenKeeperTests;
			sourceTree = "<group>";
		};
		836F221E2D124DCA00E28A3E /* theForgottenKeeperUITests */ = {
			isa = PBXFileSystemSynchronizedRootGroup;
			path = theForgottenKeeperUITests;
			sourceTree = "<group>";
		};
/* End PBXFileSystemSynchronizedRootGroup section */

/* Begin PBXFrameworksBuildPhase section */
		836F21FE2D124DC900E28A3E /* Frameworks */ = {
			isa = PBXFrameworksBuildPhase;
			buildActionMask = 2147483647;
			files = (
			);
			runOnlyForDeploymentPostprocessing = 0;
		};
		836F220E2D124DCA00E28A3E /* Frameworks */ = {
			isa = PBXFrameworksBuildPhase;
			buildActionMask = 2147483647;
			files = (
			);
			runOnlyForDeploymentPostprocessing = 0;
		};
		836F22182D124DCA00E28A3E /* Frameworks */ = {
			isa = PBXFrameworksBuildPhase;
			buildActionMask = 2147483647;
			files = (
			);
			runOnlyForDeploymentPostprocessing = 0;
		};
/* End PBXFrameworksBuildPhase section */

/* Begin PBXGroup section */
		836F21F82D124DC900E28A3E = {
			isa = PBXGroup;
			children = (
				836F22032D124DC900E28A3E /* theForgottenKeeper */,
				836F22142D124DCA00E28A3E /* theForgottenKeeperTests */,
				836F221E2D124DCA00E28A3E /* theForgottenKeeperUITests */,
				836F22022D124DC900E28A3E /* Products */,
			);
			sourceTree = "<group>";
		};
		836F22022D124DC900E28A3E /* Products */ = {
			isa = PBXGroup;
			children = (
				836F22012D124DC900E28A3E /* theForgottenKeeper.app */,
				836F22112D124DCA00E28A3E /* theForgottenKeeperTests.xctest */,
				836F221B2D124DCA00E28A3E /* theForgottenKeeperUITests.xctest */,
			);
			name = Products;
			sourceTree = "<group>";
		};
/* End PBXGroup section */

/* Begin PBXNativeTarget section */
		836F22002D124DC900E28A3E /* theForgottenKeeper */ = {
			isa = PBXNativeTarget;
			buildConfigurationList = 836F22252D124DCA00E28A3E /* Build configuration list for PBXNativeTarget "theForgottenKeeper" */;
			buildPhases = (
				836F21FD2D124DC900E28A3E /* Sources */,
				836F21FE2D124DC900E28A3E /* Frameworks */,
				836F21FF2D124DC900E28A3E /* Resources */,
			);
			buildRules = (
			);
			dependencies = (
			);
			fileSystemSynchronizedGroups = (
				836F22032D124DC900E28A3E /* theForgottenKeeper */,
			);
			name = theForgottenKeeper;
			packageProductDependencies = (
			);
			productName = theForgottenKeeper;
			productReference = 836F22012D124DC900E28A3E /* theForgottenKeeper.app */;
			productType = "com.apple.product-type.application";
		};
		836F22102D124DCA00E28A3E /* theForgottenKeeperTests */ = {
			isa = PBXNativeTarget;
			buildConfigurationList = 836F22282D124DCA00E28A3E /* Build configuration list for PBXNativeTarget "theForgottenKeeperTests" */;
			buildPhases = (
				836F220D2D124DCA00E28A3E /* Sources */,
				836F220E2D124DCA00E28A3E /* Frameworks */,
				836F220F2D124DCA00E28A3E /* Resources */,
			);
			buildRules = (
			);
			dependencies = (
				836F22132D124DCA00E28A3E /* PBXTargetDependency */,
			);
			fileSystemSynchronizedGroups = (
				836F22142D124DCA00E28A3E /* theForgottenKeeperTests */,
			);
			name = theForgottenKeeperTests;
			packageProductDependencies = (
			);
			productName = theForgottenKeeperTests;
			productReference = 836F22112D124DCA00E28A3E /* theForgottenKeeperTests.xctest */;
			productType = "com.apple.product-type.bundle.unit-test";
		};
		836F221A2D124DCA00E28A3E /* theForgottenKeeperUITests */ = {
			isa = PBXNativeTarget;
			buildConfigurationList = 836F222B2D124DCA00E28A3E /* Build configuration list for PBXNativeTarget "theForgottenKeeperUITests" */;
			buildPhases = (
				836F22172D124DCA00E28A3E /* Sources */,
				836F22182D124DCA00E28A3E /* Frameworks */,
				836F22192D124DCA00E28A3E /* Resources */,
			);
			buildRules = (
			);
			dependencies = (
				836F221D2D124DCA00E28A3E /* PBXTargetDependency */,
			);
			fileSystemSynchronizedGroups = (
				836F221E2D124DCA00E28A3E /* theForgottenKeeperUITests */,
			);
			name = theForgottenKeeperUITests;
			packageProductDependencies = (
			);
			productName = theForgottenKeeperUITests;
			productReference = 836F221B2D124DCA00E28A3E /* theForgottenKeeperUITests.xctest */;
			productType = "com.apple.product-type.bundle.ui-testing";
		};
/* End PBXNativeTarget section */

/* Begin PBXProject section */
		836F21F92D124DC900E28A3E /* Project object */ = {
			isa = PBXProject;
			attributes = {
				BuildIndependentTargetsInParallel = 1;
				LastSwiftUpdateCheck = 1620;
				LastUpgradeCheck = 1620;
				TargetAttributes = {
					836F22002D124DC900E28A3E = {
						CreatedOnToolsVersion = 16.2;
					};
					836F22102D124DCA00E28A3E = {
						CreatedOnToolsVersion = 16.2;
						TestTargetID = 836F22002D124DC900E28A3E;
					};
					836F221A2D124DCA00E28A3E = {
						CreatedOnToolsVersion = 16.2;
						TestTargetID = 836F22002D124DC900E28A3E;
					};
				};
			};
			buildConfigurationList = 836F21FC2D124DC900E28A3E /* Build configuration list for PBXProject "theForgottenKeeper" */;
			developmentRegion = en;
			hasScannedForEncodings = 0;
			knownRegions = (
				en,
				Base,
			);
			mainGroup = 836F21F82D124DC900E28A3E;
			minimizedProjectReferenceProxies = 1;
			preferredProjectObjectVersion = 77;
			productRefGroup = 836F22022D124DC900E28A3E /* Products */;
			projectDirPath = "";
			projectRoot = "";
			targets = (
				836F22002D124DC900E28A3E /* theForgottenKeeper */,
				836F22102D124DCA00E28A3E /* theForgottenKeeperTests */,
				836F221A2D124DCA00E28A3E /* theForgottenKeeperUITests */,
			);
		};
/* End PBXProject section */

/* Begin PBXResourcesBuildPhase section */
		836F21FF2D124DC900E28A3E /* Resources */ = {
			isa = PBXResourcesBuildPhase;
			buildActionMask = 2147483647;
			files = (
			);
			runOnlyForDeploymentPostprocessing = 0;
		};
		836F220F2D124DCA00E28A3E /* Resources */ = {
			isa = PBXResourcesBuildPhase;
			buildActionMask = 2147483647;
			files = (
			);
			runOnlyForDeploymentPostprocessing = 0;
		};
		836F22192D124DCA00E28A3E /* Resources */ = {
			isa = PBXResourcesBuildPhase;
			buildActionMask = 2147483647;
			files = (
			);
			runOnlyForDeploymentPostprocessing = 0;
		};
/* End PBXResourcesBuildPhase section */

/* Begin PBXSourcesBuildPhase section */
		836F21FD2D124DC900E28A3E /* Sources */ = {
			isa = PBXSourcesBuildPhase;
			buildActionMask = 2147483647;
			files = (
			);
			runOnlyForDeploymentPostprocessing = 0;
		};
		836F220D2D124DCA00E28A3E /* Sources */ = {
			isa = PBXSourcesBuildPhase;
			buildActionMask = 2147483647;
			files = (
			);
			runOnlyForDeploymentPostprocessing = 0;
		};
		836F22172D124DCA00E28A3E /* Sources */ = {
			isa = PBXSourcesBuildPhase;
			buildActionMask = 2147483647;
			files = (
			);
			runOnlyForDeploymentPostprocessing = 0;
		};
/* End PBXSourcesBuildPhase section */

/* Begin PBXTargetDependency section */
		836F22132D124DCA00E28A3E /* PBXTargetDependency */ = {
			isa = PBXTargetDependency;
			target = 836F22002D124DC900E28A3E /* theForgottenKeeper */;
			targetProxy = 836F22122D124DCA00E28A3E /* PBXContainerItemProxy */;
		};
		836F221D2D124DCA00E28A3E /* PBXTargetDependency */ = {
			isa = PBXTargetDependency;
			target = 836F22002D124DC900E28A3E /* theForgottenKeeper */;
			targetProxy = 836F221C2D124DCA00E28A3E /* PBXContainerItemProxy */;
		};
/* End PBXTargetDependency section */

/* Begin XCBuildConfiguration section */
		836F22232D124DCA00E28A3E /* Debug */ = {
			isa = XCBuildConfiguration;
			buildSettings = {
				ALWAYS_SEARCH_USER_PATHS = NO;
				ASSETCATALOG_COMPILER_GENERATE_SWIFT_ASSET_SYMBOL_EXTENSIONS = YES;
				CLANG_ANALYZER_NONNULL = YES;
				CLANG_ANALYZER_NUMBER_OBJECT_CONVERSION = YES_AGGRESSIVE;
				CLANG_CXX_LANGUAGE_STANDARD = "gnu++20";
				CLANG_ENABLE_MODULES = YES;
				CLANG_ENABLE_OBJC_ARC = YES;
				CLANG_ENABLE_OBJC_WEAK = YES;
				CLANG_WARN_BLOCK_CAPTURE_AUTORELEASING = YES;
				CLANG_WARN_BOOL_CONVERSION = YES;
				CLANG_WARN_COMMA = YES;
				CLANG_WARN_CONSTANT_CONVERSION = YES;
				CLANG_WARN_DEPRECATED_OBJC_IMPLEMENTATIONS = YES;
				CLANG_WARN_DIRECT_OBJC_ISA_USAGE = YES_ERROR;
				CLANG_WARN_DOCUMENTATION_COMMENTS = YES;
				CLANG_WARN_EMPTY_BODY = YES;
				CLANG_WARN_ENUM_CONVERSION = YES;
				CLANG_WARN_INFINITE_RECURSION = YES;
				CLANG_WARN_INT_CONVERSION = YES;
				CLANG_WARN_NON_LITERAL_NULL_CONVERSION = YES;
				CLANG_WARN_OBJC_IMPLICIT_RETAIN_SELF = YES;
				CLANG_WARN_OBJC_LITERAL_CONVERSION = YES;
				CLANG_WARN_OBJC_ROOT_CLASS = YES_ERROR;
				CLANG_WARN_QUOTED_INCLUDE_IN_FRAMEWORK_HEADER = YES;
				CLANG_WARN_RANGE_LOOP_ANALYSIS = YES;
				CLANG_WARN_STRICT_PROTOTYPES = YES;
				CLANG_WARN_SUSPICIOUS_MOVE = YES;
				CLANG_WARN_UNGUARDED_AVAILABILITY = YES_AGGRESSIVE;
				CLANG_WARN_UNREACHABLE_CODE = YES;
				CLANG_WARN__DUPLICATE_METHOD_MATCH = YES;
				COPY_PHASE_STRIP = NO;
				DEBUG_INFORMATION_FORMAT = dwarf;
				ENABLE_STRICT_OBJC_MSGSEND = YES;
				ENABLE_TESTABILITY = YES;
				ENABLE_USER_SCRIPT_SANDBOXING = YES;
				GCC_C_LANGUAGE_STANDARD = gnu17;
				GCC_DYNAMIC_NO_PIC = NO;
				GCC_NO_COMMON_BLOCKS = YES;
				GCC_OPTIMIZATION_LEVEL = 0;
				GCC_PREPROCESSOR_DEFINITIONS = (
					"DEBUG=1",
					"$(inherited)",
				);
				GCC_WARN_64_TO_32_BIT_CONVERSION = YES;
				GCC_WARN_ABOUT_RETURN_TYPE = YES_ERROR;
				GCC_WARN_UNDECLARED_SELECTOR = YES;
				GCC_WARN_UNINITIALIZED_AUTOS = YES_AGGRESSIVE;
				GCC_WARN_UNUSED_FUNCTION = YES;
				GCC_WARN_UNUSED_VARIABLE = YES;
				IPHONEOS_DEPLOYMENT_TARGET = 18.2;
				LOCALIZATION_PREFERS_STRING_CATALOGS = YES;
				MTL_ENABLE_DEBUG_INFO = INCLUDE_SOURCE;
				MTL_FAST_MATH = YES;
				ONLY_ACTIVE_ARCH = YES;
				SDKROOT = iphoneos;
				SWIFT_ACTIVE_COMPILATION_CONDITIONS = "DEBUG $(inherited)";
				SWIFT_OPTIMIZATION_LEVEL = "-Onone";
			};
			name = Debug;
		};
		836F22242D124DCA00E28A3E /* Release */ = {
			isa = XCBuildConfiguration;
			buildSettings = {
				ALWAYS_SEARCH_USER_PATHS = NO;
				ASSETCATALOG_COMPILER_GENERATE_SWIFT_ASSET_SYMBOL_EXTENSIONS = YES;
				CLANG_ANALYZER_NONNULL = YES;
				CLANG_ANALYZER_NUMBER_OBJECT_CONVERSION = YES_AGGRESSIVE;
				CLANG_CXX_LANGUAGE_STANDARD = "gnu++20";
				CLANG_ENABLE_MODULES = YES;
				CLANG_ENABLE_OBJC_ARC = YES;
				CLANG_ENABLE_OBJC_WEAK = YES;
				CLANG_WARN_BLOCK_CAPTURE_AUTORELEASING = YES;
				CLANG_WARN_BOOL_CONVERSION = YES;
				CLANG_WARN_COMMA = YES;
				CLANG_WARN_CONSTANT_CONVERSION = YES;
				CLANG_WARN_DEPRECATED_OBJC_IMPLEMENTATIONS = YES;
				CLANG_WARN_DIRECT_OBJC_ISA_USAGE = YES_ERROR;
				CLANG_WARN_DOCUMENTATION_COMMENTS = YES;
				CLANG_WARN_EMPTY_BODY = YES;
				CLANG_WARN_ENUM_CONVERSION = YES;
				CLANG_WARN_INFINITE_RECURSION = YES;
				CLANG_WARN_INT_CONVERSION = YES;
				CLANG_WARN_NON_LITERAL_NULL_CONVERSION = YES;
				CLANG_WARN_OBJC_IMPLICIT_RETAIN_SELF = YES;
				CLANG_WARN_OBJC_LITERAL_CONVERSION = YES;
				CLANG_WARN_OBJC_ROOT_CLASS = YES_ERROR;
				CLANG_WARN_QUOTED_INCLUDE_IN_FRAMEWORK_HEADER = YES;
				CLANG_WARN_RANGE_LOOP_ANALYSIS = YES;
				CLANG_WARN_STRICT_PROTOTYPES = YES;
				CLANG_WARN_SUSPICIOUS_MOVE = YES;
				CLANG_WARN_UNGUARDED_AVAILABILITY = YES_AGGRESSIVE;
				CLANG_WARN_UNREACHABLE_CODE = YES;
				CLANG_WARN__DUPLICATE_METHOD_MATCH = YES;
				COPY_PHASE_STRIP = NO;
				DEBUG_INFORMATION_FORMAT = "dwarf-with-dsym";
				ENABLE_NS_ASSERTIONS = NO;
				ENABLE_STRICT_OBJC_MSGSEND = YES;
				ENABLE_USER_SCRIPT_SANDBOXING = YES;
				GCC_C_LANGUAGE_STANDARD = gnu17;
				GCC_NO_COMMON_BLOCKS = YES;
				GCC_WARN_64_TO_32_BIT_CONVERSION = YES;
				GCC_WARN_ABOUT_RETURN_TYPE = YES_ERROR;
				GCC_WARN_UNDECLARED_SELECTOR = YES;
				GCC_WARN_UNINITIALIZED_AUTOS = YES_AGGRESSIVE;
				GCC_WARN_UNUSED_FUNCTION = YES;
				GCC_WARN_UNUSED_VARIABLE = YES;
				IPHONEOS_DEPLOYMENT_TARGET = 18.2;
				LOCALIZATION_PREFERS_STRING_CATALOGS = YES;
				MTL_ENABLE_DEBUG_INFO = NO;
				MTL_FAST_MATH = YES;
				SDKROOT = iphoneos;
				SWIFT_COMPILATION_MODE = wholemodule;
				VALIDATE_PRODUCT = YES;
			};
			name = Release;
		};
		836F22262D124DCA00E28A3E /* Debug */ = {
			isa = XCBuildConfiguration;
			buildSettings = {
				ASSETCATALOG_COMPILER_APPICON_NAME = AppIcon;
				ASSETCATALOG_COMPILER_GLOBAL_ACCENT_COLOR_NAME = AccentColor;
				CODE_SIGN_STYLE = Automatic;
				CURRENT_PROJECT_VERSION = 1;
				DEVELOPMENT_ASSET_PATHS = "\"theForgottenKeeper/Preview Content\"";
				DEVELOPMENT_TEAM = 59VH6UD9B2;
				ENABLE_PREVIEWS = YES;
				GENERATE_INFOPLIST_FILE = YES;
				INFOPLIST_KEY_UIApplicationSceneManifest_Generation = YES;
				INFOPLIST_KEY_UIApplicationSupportsIndirectInputEvents = YES;
				INFOPLIST_KEY_UILaunchScreen_Generation = YES;
				INFOPLIST_KEY_UISupportedInterfaceOrientations_iPad = "UIInterfaceOrientationPortrait UIInterfaceOrientationPortraitUpsideDown UIInterfaceOrientationLandscapeLeft UIInterfaceOrientationLandscapeRight";
				INFOPLIST_KEY_UISupportedInterfaceOrientations_iPhone = "UIInterfaceOrientationPortrait UIInterfaceOrientationLandscapeLeft UIInterfaceOrientationLandscapeRight";
				LD_RUNPATH_SEARCH_PATHS = (
					"$(inherited)",
					"@executable_path/Frameworks",
				);
				MARKETING_VERSION = 1.0;
				PRODUCT_BUNDLE_IDENTIFIER = "Kai-Indigo-Wolf.theForgottenKeeper";
				PRODUCT_NAME = "$(TARGET_NAME)";
				SWIFT_EMIT_LOC_STRINGS = YES;
				SWIFT_VERSION = 5.0;
				TARGETED_DEVICE_FAMILY = "1,2";
			};
			name = Debug;
		};
		836F22272D124DCA00E28A3E /* Release */ = {
			isa = XCBuildConfiguration;
			buildSettings = {
				ASSETCATALOG_COMPILER_APPICON_NAME = AppIcon;
				ASSETCATALOG_COMPILER_GLOBAL_ACCENT_COLOR_NAME = AccentColor;
				CODE_SIGN_STYLE = Automatic;
				CURRENT_PROJECT_VERSION = 1;
				DEVELOPMENT_ASSET_PATHS = "\"theForgottenKeeper/Preview Content\"";
				DEVELOPMENT_TEAM = 59VH6UD9B2;
				ENABLE_PREVIEWS = YES;
				GENERATE_INFOPLIST_FILE = YES;
				INFOPLIST_KEY_UIApplicationSceneManifest_Generation = YES;
				INFOPLIST_KEY_UIApplicationSupportsIndirectInputEvents = YES;
				INFOPLIST_KEY_UILaunchScreen_Generation = YES;
				INFOPLIST_KEY_UISupportedInterfaceOrientations_iPad = "UIInterfaceOrientationPortrait UIInterfaceOrientationPortraitUpsideDown UIInterfaceOrientationLandscapeLeft UIInterfaceOrientationLandscapeRight";
				INFOPLIST_KEY_UISupportedInterfaceOrientations_iPhone = "UIInterfaceOrientationPortrait UIInterfaceOrientationLandscapeLeft UIInterfaceOrientationLandscapeRight";
				LD_RUNPATH_SEARCH_PATHS = (
					"$(inherited)",
					"@executable_path/Frameworks",
				);
				MARKETING_VERSION = 1.0;
				PRODUCT_BUNDLE_IDENTIFIER = "Kai-Indigo-Wolf.theForgottenKeeper";
				PRODUCT_NAME = "$(TARGET_NAME)";
				SWIFT_EMIT_LOC_STRINGS = YES;
				SWIFT_VERSION = 5.0;
				TARGETED_DEVICE_FAMILY = "1,2";
			};
			name = Release;
		};
		836F22292D124DCA00E28A3E /* Debug */ = {
			isa = XCBuildConfiguration;
			buildSettings = {
				BUNDLE_LOADER = "$(TEST_HOST)";
				CODE_SIGN_STYLE = Automatic;
				CURRENT_PROJECT_VERSION = 1;
				DEVELOPMENT_TEAM = 59VH6UD9B2;
				GENERATE_INFOPLIST_FILE = YES;
				IPHONEOS_DEPLOYMENT_TARGET = 18.2;
				MARKETING_VERSION = 1.0;
				PRODUCT_BUNDLE_IDENTIFIER = "Kai-Indigo-Wolf.theForgottenKeeperTests";
				PRODUCT_NAME = "$(TARGET_NAME)";
				SWIFT_EMIT_LOC_STRINGS = NO;
				SWIFT_VERSION = 5.0;
				TARGETED_DEVICE_FAMILY = "1,2";
				TEST_HOST = "$(BUILT_PRODUCTS_DIR)/theForgottenKeeper.app/$(BUNDLE_EXECUTABLE_FOLDER_PATH)/theForgottenKeeper";
			};
			name = Debug;
		};
		836F222A2D124DCA00E28A3E /* Release */ = {
			isa = XCBuildConfiguration;
			buildSettings = {
				BUNDLE_LOADER = "$(TEST_HOST)";
				CODE_SIGN_STYLE = Automatic;
				CURRENT_PROJECT_VERSION = 1;
				DEVELOPMENT_TEAM = 59VH6UD9B2;
				GENERATE_INFOPLIST_FILE = YES;
				IPHONEOS_DEPLOYMENT_TARGET = 18.2;
				MARKETING_VERSION = 1.0;
				PRODUCT_BUNDLE_IDENTIFIER = "Kai-Indigo-Wolf.theForgottenKeeperTests";
				PRODUCT_NAME = "$(TARGET_NAME)";
				SWIFT_EMIT_LOC_STRINGS = NO;
				SWIFT_VERSION = 5.0;
				TARGETED_DEVICE_FAMILY = "1,2";
				TEST_HOST = "$(BUILT_PRODUCTS_DIR)/theForgottenKeeper.app/$(BUNDLE_EXECUTABLE_FOLDER_PATH)/theForgottenKeeper";
			};
			name = Release;
		};
		836F222C2D124DCA00E28A3E /* Debug */ = {
			isa = XCBuildConfiguration;
			buildSettings = {
				CODE_SIGN_STYLE = Automatic;
				CURRENT_PROJECT_VERSION = 1;
				DEVELOPMENT_TEAM = 59VH6UD9B2;
				GENERATE_INFOPLIST_FILE = YES;
				MARKETING_VERSION = 1.0;
				PRODUCT_BUNDLE_IDENTIFIER = "Kai-Indigo-Wolf.theForgottenKeeperUITests";
				PRODUCT_NAME = "$(TARGET_NAME)";
				SWIFT_EMIT_LOC_STRINGS = NO;
				SWIFT_VERSION = 5.0;
				TARGETED_DEVICE_FAMILY = "1,2";
				TEST_TARGET_NAME = theForgottenKeeper;
			};
			name = Debug;
		};
		836F222D2D124DCA00E28A3E /* Release */ = {
			isa = XCBuildConfiguration;
			buildSettings = {
				CODE_SIGN_STYLE = Automatic;
				CURRENT_PROJECT_VERSION = 1;
				DEVELOPMENT_TEAM = 59VH6UD9B2;
				GENERATE_INFOPLIST_FILE = YES;
				MARKETING_VERSION = 1.0;
				PRODUCT_BUNDLE_IDENTIFIER = "Kai-Indigo-Wolf.theForgottenKeeperUITests";
				PRODUCT_NAME = "$(TARGET_NAME)";
				SWIFT_EMIT_LOC_STRINGS = NO;
				SWIFT_VERSION = 5.0;
				TARGETED_DEVICE_FAMILY = "1,2";
				TEST_TARGET_NAME = theForgottenKeeper;
			};
			name = Release;
		};
/* End XCBuildConfiguration section */

/* Begin XCConfigurationList section */
		836F21FC2D124DC900E28A3E /* Build configuration list for PBXProject "theForgottenKeeper" */ = {
			isa = XCConfigurationList;
			buildConfigurations = (
				836F22232D124DCA00E28A3E /* Debug */,
				836F22242D124DCA00E28A3E /* Release */,
			);
			defaultConfigurationIsVisible = 0;
			defaultConfigurationName = Release;
		};
		836F22252D124DCA00E28A3E /* Build configuration list for PBXNativeTarget "theForgottenKeeper" */ = {
			isa = XCConfigurationList;
			buildConfigurations = (
				836F22262D124DCA00E28A3E /* Debug */,
				836F22272D124DCA00E28A3E /* Release */,
			);
			defaultConfigurationIsVisible = 0;
			defaultConfigurationName = Release;
		};
		836F22282D124DCA00E28A3E /* Build configuration list for PBXNativeTarget "theForgottenKeeperTests" */ = {
			isa = XCConfigurationList;
			buildConfigurations = (
				836F22292D124DCA00E28A3E /* Debug */,
				836F222A2D124DCA00E28A3E /* Release */,
			);
			defaultConfigurationIsVisible = 0;
			defaultConfigurationName = Release;
		};
		836F222B2D124DCA00E28A3E /* Build configuration list for PBXNativeTarget "theForgottenKeeperUITests" */ = {
			isa = XCConfigurationList;
			buildConfigurations = (
				836F222C2D124DCA00E28A3E /* Debug */,
				836F222D2D124DCA00E28A3E /* Release */,
			);
			defaultConfigurationIsVisible = 0;
			defaultConfigurationName = Release;
		};
/* End XCConfigurationList section */
	};
	rootObject = 836F21F92D124DC900E28A3E /* Project object */;
}
